// !$*UTF8*$!
{
	archiveVersion = 1;
	classes = {
	};
	objectVersion = 46;
	objects = {

/* Begin PBXBuildFile section */
		E5D55A9D13F48C2000667BA4 /* SpriteFont.m in Sources */ = {isa = PBXBuildFile; fileRef = E5D55A9C13F48C2000667BA4 /* SpriteFont.m */; };
		E5D55AA513F48F3D00667BA4 /* Sprite.m in Sources */ = {isa = PBXBuildFile; fileRef = E5D55AA413F48F3D00667BA4 /* Sprite.m */; };
		E5D55AAB13F4B24300667BA4 /* Sprite.png in Resources */ = {isa = PBXBuildFile; fileRef = E5D55AAA13F4B24300667BA4 /* Sprite.png */; };
		E5DC705413EC65550053BD04 /* UIKit.framework in Frameworks */ = {isa = PBXBuildFile; fileRef = E5DC705313EC65550053BD04 /* UIKit.framework */; };
		E5DC705613EC65550053BD04 /* Foundation.framework in Frameworks */ = {isa = PBXBuildFile; fileRef = E5DC705513EC65550053BD04 /* Foundation.framework */; };
		E5DC705813EC65550053BD04 /* CoreGraphics.framework in Frameworks */ = {isa = PBXBuildFile; fileRef = E5DC705713EC65550053BD04 /* CoreGraphics.framework */; };
		E5DC705A13EC65550053BD04 /* QuartzCore.framework in Frameworks */ = {isa = PBXBuildFile; fileRef = E5DC705913EC65550053BD04 /* QuartzCore.framework */; };
		E5DC705C13EC65550053BD04 /* OpenGLES.framework in Frameworks */ = {isa = PBXBuildFile; fileRef = E5DC705B13EC65550053BD04 /* OpenGLES.framework */; };
		E5DC706213EC65550053BD04 /* InfoPlist.strings in Resources */ = {isa = PBXBuildFile; fileRef = E5DC706013EC65550053BD04 /* InfoPlist.strings */; };
		E5DC706413EC65550053BD04 /* main.m in Sources */ = {isa = PBXBuildFile; fileRef = E5DC706313EC65550053BD04 /* main.m */; };
		E5DC706813EC65550053BD04 /* GLAppAppDelegate.m in Sources */ = {isa = PBXBuildFile; fileRef = E5DC706713EC65550053BD04 /* GLAppAppDelegate.m */; };
		E5DC706B13EC65550053BD04 /* MainWindow.xib in Resources */ = {isa = PBXBuildFile; fileRef = E5DC706913EC65550053BD04 /* MainWindow.xib */; };
		E5DC706D13EC65550053BD04 /* Shader.fsh in Resources */ = {isa = PBXBuildFile; fileRef = E5DC706C13EC65550053BD04 /* Shader.fsh */; };
		E5DC706F13EC65550053BD04 /* Shader.vsh in Resources */ = {isa = PBXBuildFile; fileRef = E5DC706E13EC65550053BD04 /* Shader.vsh */; };
		E5DC707213EC65550053BD04 /* EAGLView.m in Sources */ = {isa = PBXBuildFile; fileRef = E5DC707113EC65550053BD04 /* EAGLView.m */; };
		E5DC707513EC65550053BD04 /* GLAppViewController.m in Sources */ = {isa = PBXBuildFile; fileRef = E5DC707413EC65550053BD04 /* GLAppViewController.m */; };
		E5DC707813EC65550053BD04 /* GLAppViewController.xib in Resources */ = {isa = PBXBuildFile; fileRef = E5DC707613EC65550053BD04 /* GLAppViewController.xib */; };
		E5E0149E13F489E200474ED0 /* SpriteSheet.jpg in Resources */ = {isa = PBXBuildFile; fileRef = E5E0149D13F489E200474ED0 /* SpriteSheet.jpg */; };
/* End PBXBuildFile section */

/* Begin PBXFileReference section */
		E5D55A9B13F48C2000667BA4 /* SpriteFont.h */ = {isa = PBXFileReference; fileEncoding = 4; lastKnownFileType = sourcecode.c.h; path = SpriteFont.h; sourceTree = "<group>"; };
		E5D55A9C13F48C2000667BA4 /* SpriteFont.m */ = {isa = PBXFileReference; fileEncoding = 4; lastKnownFileType = sourcecode.c.objc; path = SpriteFont.m; sourceTree = "<group>"; };
		E5D55AA313F48F3D00667BA4 /* Sprite.h */ = {isa = PBXFileReference; fileEncoding = 4; lastKnownFileType = sourcecode.c.h; path = Sprite.h; sourceTree = "<group>"; };
		E5D55AA413F48F3D00667BA4 /* Sprite.m */ = {isa = PBXFileReference; fileEncoding = 4; lastKnownFileType = sourcecode.c.objc; path = Sprite.m; sourceTree = "<group>"; };
		E5D55AAA13F4B24300667BA4 /* Sprite.png */ = {isa = PBXFileReference; lastKnownFileType = image.png; path = Sprite.png; sourceTree = "<group>"; };
		E5DC704F13EC65550053BD04 /* GLApp.app */ = {isa = PBXFileReference; explicitFileType = wrapper.application; includeInIndex = 0; path = GLApp.app; sourceTree = BUILT_PRODUCTS_DIR; };
		E5DC705313EC65550053BD04 /* UIKit.framework */ = {isa = PBXFileReference; lastKnownFileType = wrapper.framework; name = UIKit.framework; path = System/Library/Frameworks/UIKit.framework; sourceTree = SDKROOT; };
		E5DC705513EC65550053BD04 /* Foundation.framework */ = {isa = PBXFileReference; lastKnownFileType = wrapper.framework; name = Foundation.framework; path = System/Library/Frameworks/Foundation.framework; sourceTree = SDKROOT; };
		E5DC705713EC65550053BD04 /* CoreGraphics.framework */ = {isa = PBXFileReference; lastKnownFileType = wrapper.framework; name = CoreGraphics.framework; path = System/Library/Frameworks/CoreGraphics.framework; sourceTree = SDKROOT; };
		E5DC705913EC65550053BD04 /* QuartzCore.framework */ = {isa = PBXFileReference; lastKnownFileType = wrapper.framework; name = QuartzCore.framework; path = System/Library/Frameworks/QuartzCore.framework; sourceTree = SDKROOT; };
		E5DC705B13EC65550053BD04 /* OpenGLES.framework */ = {isa = PBXFileReference; lastKnownFileType = wrapper.framework; name = OpenGLES.framework; path = System/Library/Frameworks/OpenGLES.framework; sourceTree = SDKROOT; };
		E5DC705F13EC65550053BD04 /* GLApp-Info.plist */ = {isa = PBXFileReference; lastKnownFileType = text.plist.xml; path = "GLApp-Info.plist"; sourceTree = "<group>"; };
		E5DC706113EC65550053BD04 /* en */ = {isa = PBXFileReference; lastKnownFileType = text.plist.strings; name = en; path = en.lproj/InfoPlist.strings; sourceTree = "<group>"; };
		E5DC706313EC65550053BD04 /* main.m */ = {isa = PBXFileReference; lastKnownFileType = sourcecode.c.objc; path = main.m; sourceTree = "<group>"; };
		E5DC706513EC65550053BD04 /* GLApp-Prefix.pch */ = {isa = PBXFileReference; lastKnownFileType = sourcecode.c.h; path = "GLApp-Prefix.pch"; sourceTree = "<group>"; };
		E5DC706613EC65550053BD04 /* GLAppAppDelegate.h */ = {isa = PBXFileReference; lastKnownFileType = sourcecode.c.h; path = GLAppAppDelegate.h; sourceTree = "<group>"; };
		E5DC706713EC65550053BD04 /* GLAppAppDelegate.m */ = {isa = PBXFileReference; lastKnownFileType = sourcecode.c.objc; path = GLAppAppDelegate.m; sourceTree = "<group>"; };
		E5DC706A13EC65550053BD04 /* en */ = {isa = PBXFileReference; lastKnownFileType = file.xib; name = en; path = en.lproj/MainWindow.xib; sourceTree = "<group>"; };
		E5DC706C13EC65550053BD04 /* Shader.fsh */ = {isa = PBXFileReference; lastKnownFileType = sourcecode.glsl; name = Shader.fsh; path = Shaders/Shader.fsh; sourceTree = "<group>"; };
		E5DC706E13EC65550053BD04 /* Shader.vsh */ = {isa = PBXFileReference; lastKnownFileType = sourcecode.glsl; name = Shader.vsh; path = Shaders/Shader.vsh; sourceTree = "<group>"; };
		E5DC707013EC65550053BD04 /* EAGLView.h */ = {isa = PBXFileReference; lastKnownFileType = sourcecode.c.h; path = EAGLView.h; sourceTree = "<group>"; };
		E5DC707113EC65550053BD04 /* EAGLView.m */ = {isa = PBXFileReference; lastKnownFileType = sourcecode.c.objc; path = EAGLView.m; sourceTree = "<group>"; };
		E5DC707313EC65550053BD04 /* GLAppViewController.h */ = {isa = PBXFileReference; lastKnownFileType = sourcecode.c.h; path = GLAppViewController.h; sourceTree = "<group>"; };
		E5DC707413EC65550053BD04 /* GLAppViewController.m */ = {isa = PBXFileReference; lastKnownFileType = sourcecode.c.objc; path = GLAppViewController.m; sourceTree = "<group>"; };
		E5DC707713EC65550053BD04 /* en */ = {isa = PBXFileReference; lastKnownFileType = file.xib; name = en; path = en.lproj/GLAppViewController.xib; sourceTree = "<group>"; };
		E5E0149D13F489E200474ED0 /* SpriteSheet.jpg */ = {isa = PBXFileReference; lastKnownFileType = image.jpeg; path = SpriteSheet.jpg; sourceTree = "<group>"; };
/* End PBXFileReference section */

/* Begin PBXFrameworksBuildPhase section */
		E5DC704C13EC65550053BD04 /* Frameworks */ = {
			isa = PBXFrameworksBuildPhase;
			buildActionMask = 2147483647;
			files = (
				E5DC705413EC65550053BD04 /* UIKit.framework in Frameworks */,
				E5DC705613EC65550053BD04 /* Foundation.framework in Frameworks */,
				E5DC705813EC65550053BD04 /* CoreGraphics.framework in Frameworks */,
				E5DC705A13EC65550053BD04 /* QuartzCore.framework in Frameworks */,
				E5DC705C13EC65550053BD04 /* OpenGLES.framework in Frameworks */,
			);
			runOnlyForDeploymentPostprocessing = 0;
		};
/* End PBXFrameworksBuildPhase section */

/* Begin PBXGroup section */
		E5D55AA213F48F3D00667BA4 /* Sprites */ = {
			isa = PBXGroup;
			children = (
				E5D55AA313F48F3D00667BA4 /* Sprite.h */,
				E5D55AA413F48F3D00667BA4 /* Sprite.m */,
			);
			path = Sprites;
			sourceTree = "<group>";
		};
		E5D55AAC13F4B37000667BA4 /* Textures */ = {
			isa = PBXGroup;
			children = (
				E5E0149D13F489E200474ED0 /* SpriteSheet.jpg */,
				E5D55AAA13F4B24300667BA4 /* Sprite.png */,
			);
			name = Textures;
			sourceTree = "<group>";
		};
		E5DC704413EC65550053BD04 = {
			isa = PBXGroup;
			children = (
				E5DC705D13EC65550053BD04 /* GLApp */,
				E5DC705213EC65550053BD04 /* Frameworks */,
				E5DC705013EC65550053BD04 /* Products */,
			);
			sourceTree = "<group>";
		};
		E5DC705013EC65550053BD04 /* Products */ = {
			isa = PBXGroup;
			children = (
				E5DC704F13EC65550053BD04 /* GLApp.app */,
			);
			name = Products;
			sourceTree = "<group>";
		};
		E5DC705213EC65550053BD04 /* Frameworks */ = {
			isa = PBXGroup;
			children = (
				E5DC705313EC65550053BD04 /* UIKit.framework */,
				E5DC705513EC65550053BD04 /* Foundation.framework */,
				E5DC705713EC65550053BD04 /* CoreGraphics.framework */,
				E5DC705913EC65550053BD04 /* QuartzCore.framework */,
				E5DC705B13EC65550053BD04 /* OpenGLES.framework */,
			);
			name = Frameworks;
			sourceTree = "<group>";
		};
		E5DC705D13EC65550053BD04 /* GLApp */ = {
			isa = PBXGroup;
			children = (
				E5D55AAC13F4B37000667BA4 /* Textures */,
				E5D55AA213F48F3D00667BA4 /* Sprites */,
				E5D55A9B13F48C2000667BA4 /* SpriteFont.h */,
				E5D55A9C13F48C2000667BA4 /* SpriteFont.m */,
				E5DC706613EC65550053BD04 /* GLAppAppDelegate.h */,
				E5DC706713EC65550053BD04 /* GLAppAppDelegate.m */,
				E5DC706913EC65550053BD04 /* MainWindow.xib */,
				E5DC706C13EC65550053BD04 /* Shader.fsh */,
				E5DC706E13EC65550053BD04 /* Shader.vsh */,
				E5DC707013EC65550053BD04 /* EAGLView.h */,
				E5DC707113EC65550053BD04 /* EAGLView.m */,
				E5DC707313EC65550053BD04 /* GLAppViewController.h */,
				E5DC707413EC65550053BD04 /* GLAppViewController.m */,
				E5DC707613EC65550053BD04 /* GLAppViewController.xib */,
				E5DC705E13EC65550053BD04 /* Supporting Files */,
			);
			path = GLApp;
			sourceTree = "<group>";
		};
		E5DC705E13EC65550053BD04 /* Supporting Files */ = {
			isa = PBXGroup;
			children = (
				E5DC705F13EC65550053BD04 /* GLApp-Info.plist */,
				E5DC706013EC65550053BD04 /* InfoPlist.strings */,
				E5DC706313EC65550053BD04 /* main.m */,
				E5DC706513EC65550053BD04 /* GLApp-Prefix.pch */,
			);
			name = "Supporting Files";
			sourceTree = "<group>";
		};
/* End PBXGroup section */

/* Begin PBXNativeTarget section */
		E5DC704E13EC65550053BD04 /* GLApp */ = {
			isa = PBXNativeTarget;
			buildConfigurationList = E5DC707B13EC65550053BD04 /* Build configuration list for PBXNativeTarget "GLApp" */;
			buildPhases = (
				E5DC704B13EC65550053BD04 /* Sources */,
				E5DC704C13EC65550053BD04 /* Frameworks */,
				E5DC704D13EC65550053BD04 /* Resources */,
			);
			buildRules = (
			);
			dependencies = (
			);
			name = GLApp;
			productName = GLApp;
			productReference = E5DC704F13EC65550053BD04 /* GLApp.app */;
			productType = "com.apple.product-type.application";
		};
/* End PBXNativeTarget section */

/* Begin PBXProject section */
		E5DC704613EC65550053BD04 /* Project object */ = {
			isa = PBXProject;
			buildConfigurationList = E5DC704913EC65550053BD04 /* Build configuration list for PBXProject "GLApp" */;
			compatibilityVersion = "Xcode 3.2";
			developmentRegion = English;
			hasScannedForEncodings = 0;
			knownRegions = (
				en,
			);
			mainGroup = E5DC704413EC65550053BD04;
			productRefGroup = E5DC705013EC65550053BD04 /* Products */;
			projectDirPath = "";
			projectRoot = "";
			targets = (
				E5DC704E13EC65550053BD04 /* GLApp */,
			);
		};
/* End PBXProject section */

/* Begin PBXResourcesBuildPhase section */
		E5DC704D13EC65550053BD04 /* Resources */ = {
			isa = PBXResourcesBuildPhase;
			buildActionMask = 2147483647;
			files = (
				E5DC706213EC65550053BD04 /* InfoPlist.strings in Resources */,
				E5DC706B13EC65550053BD04 /* MainWindow.xib in Resources */,
				E5DC706D13EC65550053BD04 /* Shader.fsh in Resources */,
				E5DC706F13EC65550053BD04 /* Shader.vsh in Resources */,
				E5DC707813EC65550053BD04 /* GLAppViewController.xib in Resources */,
				E5E0149E13F489E200474ED0 /* SpriteSheet.jpg in Resources */,
				E5D55AAB13F4B24300667BA4 /* Sprite.png in Resources */,
			);
			runOnlyForDeploymentPostprocessing = 0;
		};
/* End PBXResourcesBuildPhase section */

/* Begin PBXSourcesBuildPhase section */
		E5DC704B13EC65550053BD04 /* Sources */ = {
			isa = PBXSourcesBuildPhase;
			buildActionMask = 2147483647;
			files = (
				E5DC706413EC65550053BD04 /* main.m in Sources */,
				E5DC706813EC65550053BD04 /* GLAppAppDelegate.m in Sources */,
				E5DC707213EC65550053BD04 /* EAGLView.m in Sources */,
				E5DC707513EC65550053BD04 /* GLAppViewController.m in Sources */,
				E5D55A9D13F48C2000667BA4 /* SpriteFont.m in Sources */,
				E5D55AA513F48F3D00667BA4 /* Sprite.m in Sources */,
			);
			runOnlyForDeploymentPostprocessing = 0;
		};
/* End PBXSourcesBuildPhase section */

/* Begin PBXVariantGroup section */
		E5DC706013EC65550053BD04 /* InfoPlist.strings */ = {
			isa = PBXVariantGroup;
			children = (
				E5DC706113EC65550053BD04 /* en */,
			);
			name = InfoPlist.strings;
			sourceTree = "<group>";
		};
		E5DC706913EC65550053BD04 /* MainWindow.xib */ = {
			isa = PBXVariantGroup;
			children = (
				E5DC706A13EC65550053BD04 /* en */,
			);
			name = MainWindow.xib;
			sourceTree = "<group>";
		};
		E5DC707613EC65550053BD04 /* GLAppViewController.xib */ = {
			isa = PBXVariantGroup;
			children = (
				E5DC707713EC65550053BD04 /* en */,
			);
			name = GLAppViewController.xib;
			sourceTree = "<group>";
		};
/* End PBXVariantGroup section */

/* Begin XCBuildConfiguration section */
		E5DC707913EC65550053BD04 /* Debug */ = {
			isa = XCBuildConfiguration;
			buildSettings = {
				ALWAYS_SEARCH_USER_PATHS = NO;
				ARCHS = "$(ARCHS_STANDARD_32_BIT)";
				"CODE_SIGN_IDENTITY[sdk=iphoneos*]" = "iPhone Developer";
				COPY_PHASE_STRIP = NO;
				GCC_C_LANGUAGE_STANDARD = gnu99;
				GCC_DYNAMIC_NO_PIC = NO;
				GCC_OPTIMIZATION_LEVEL = 0;
				GCC_PREPROCESSOR_DEFINITIONS = (
					"DEBUG=1",
					"$(inherited)",
				);
				GCC_SYMBOLS_PRIVATE_EXTERN = NO;
				GCC_VERSION = com.apple.compilers.llvmgcc42;
				GCC_WARN_ABOUT_MISSING_PROTOTYPES = YES;
				GCC_WARN_ABOUT_RETURN_TYPE = YES;
				GCC_WARN_UNUSED_VARIABLE = YES;
				IPHONEOS_DEPLOYMENT_TARGET = 4.3;
				SDKROOT = iphoneos;
			};
			name = Debug;
		};
		E5DC707A13EC65550053BD04 /* Release */ = {
			isa = XCBuildConfiguration;
			buildSettings = {
				ALWAYS_SEARCH_USER_PATHS = NO;
				ARCHS = "$(ARCHS_STANDARD_32_BIT)";
				"CODE_SIGN_IDENTITY[sdk=iphoneos*]" = "iPhone Developer";
				COPY_PHASE_STRIP = YES;
				GCC_C_LANGUAGE_STANDARD = gnu99;
				GCC_VERSION = com.apple.compilers.llvmgcc42;
				GCC_WARN_ABOUT_MISSING_PROTOTYPES = YES;
				GCC_WARN_ABOUT_RETURN_TYPE = YES;
				GCC_WARN_UNUSED_VARIABLE = YES;
				IPHONEOS_DEPLOYMENT_TARGET = 4.3;
				OTHER_CFLAGS = "-DNS_BLOCK_ASSERTIONS=1";
				SDKROOT = iphoneos;
				VALIDATE_PRODUCT = YES;
			};
			name = Release;
		};
		E5DC707C13EC65550053BD04 /* Debug */ = {
			isa = XCBuildConfiguration;
			buildSettings = {
				GCC_PRECOMPILE_PREFIX_HEADER = YES;
				GCC_PREFIX_HEADER = "GLApp/GLApp-Prefix.pch";
				"GCC_THUMB_SUPPORT[arch=armv6]" = "";
				INFOPLIST_FILE = "GLApp/GLApp-Info.plist";
				IPHONEOS_DEPLOYMENT_TARGET = 3.1.3;
				PRODUCT_NAME = "$(TARGET_NAME)";
				WRAPPER_EXTENSION = app;
			};
			name = Debug;
		};
		E5DC707D13EC65550053BD04 /* Release */ = {
			isa = XCBuildConfiguration;
			buildSettings = {
				GCC_PRECOMPILE_PREFIX_HEADER = YES;
				GCC_PREFIX_HEADER = "GLApp/GLApp-Prefix.pch";
				"GCC_THUMB_SUPPORT[arch=armv6]" = "";
				INFOPLIST_FILE = "GLApp/GLApp-Info.plist";
				IPHONEOS_DEPLOYMENT_TARGET = 3.1.3;
				PRODUCT_NAME = "$(TARGET_NAME)";
				WRAPPER_EXTENSION = app;
			};
			name = Release;
		};
/* End XCBuildConfiguration section */

/* Begin XCConfigurationList section */
		E5DC704913EC65550053BD04 /* Build configuration list for PBXProject "GLApp" */ = {
			isa = XCConfigurationList;
			buildConfigurations = (
				E5DC707913EC65550053BD04 /* Debug */,
				E5DC707A13EC65550053BD04 /* Release */,
			);
			defaultConfigurationIsVisible = 0;
			defaultConfigurationName = Release;
		};
		E5DC707B13EC65550053BD04 /* Build configuration list for PBXNativeTarget "GLApp" */ = {
			isa = XCConfigurationList;
			buildConfigurations = (
				E5DC707C13EC65550053BD04 /* Debug */,
				E5DC707D13EC65550053BD04 /* Release */,
			);
			defaultConfigurationIsVisible = 0;
			defaultConfigurationName = Release;
		};
/* End XCConfigurationList section */
	};
	rootObject = E5DC704613EC65550053BD04 /* Project object */;
}
