// !$*UTF8*$!
{
	archiveVersion = 1;
	classes = {
	};
	objectVersion = 46;
	objects = {

/* Begin PBXBuildFile section */
		E52C709B140915B100E46F38 /* Enemy.m in Sources */ = {isa = PBXBuildFile; fileRef = E52C709A140915B100E46F38 /* Enemy.m */; };
		E53F5BDE1407CBF400A6E946 /* AVFoundation.framework in Frameworks */ = {isa = PBXBuildFile; fileRef = E53F5BDD1407CBF400A6E946 /* AVFoundation.framework */; };
		E5553B0114090A06008D6FBD /* Audio.m in Sources */ = {isa = PBXBuildFile; fileRef = E5553B0014090A06008D6FBD /* Audio.m */; };
		E55682761407FAE4007A57CB /* AudioToolbox.framework in Frameworks */ = {isa = PBXBuildFile; fileRef = E55682751407FAE4007A57CB /* AudioToolbox.framework */; };
		E56949E6140FD50D00BABA1C /* ScreenManager.m in Sources */ = {isa = PBXBuildFile; fileRef = E56949DE140FD50D00BABA1C /* ScreenManager.m */; };
		E56949E7140FD50D00BABA1C /* GameplayScreen.m in Sources */ = {isa = PBXBuildFile; fileRef = E56949E1140FD50D00BABA1C /* GameplayScreen.m */; };
		E56949E8140FD50D00BABA1C /* GameScreen.m in Sources */ = {isa = PBXBuildFile; fileRef = E56949E3140FD50D00BABA1C /* GameScreen.m */; };
		E56949E9140FD50D00BABA1C /* MenuScreen.m in Sources */ = {isa = PBXBuildFile; fileRef = E56949E5140FD50D00BABA1C /* MenuScreen.m */; };
		E56949EC140FD53000BABA1C /* GLAppViewController.m in Sources */ = {isa = PBXBuildFile; fileRef = E56949EB140FD53000BABA1C /* GLAppViewController.m */; };
		E5879A49141100E200157302 /* MainMenuScreen.m in Sources */ = {isa = PBXBuildFile; fileRef = E5879A48141100E200157302 /* MainMenuScreen.m */; };
		E5879A50141104DA00157302 /* GLButton.m in Sources */ = {isa = PBXBuildFile; fileRef = E5879A4F141104DA00157302 /* GLButton.m */; };
		E5D490741411724F00044CB8 /* OptionsMenuScreen.m in Sources */ = {isa = PBXBuildFile; fileRef = E5D490731411724F00044CB8 /* OptionsMenuScreen.m */; };
		E5D55AA513F48F3D00667BA4 /* Sprite.m in Sources */ = {isa = PBXBuildFile; fileRef = E5D55AA413F48F3D00667BA4 /* Sprite.m */; };
		E5D55AB113F4B83900667BA4 /* SpriteFont.m in Sources */ = {isa = PBXBuildFile; fileRef = E5D55AB013F4B83900667BA4 /* SpriteFont.m */; };
		E5DC705413EC65550053BD04 /* UIKit.framework in Frameworks */ = {isa = PBXBuildFile; fileRef = E5DC705313EC65550053BD04 /* UIKit.framework */; };
		E5DC705613EC65550053BD04 /* Foundation.framework in Frameworks */ = {isa = PBXBuildFile; fileRef = E5DC705513EC65550053BD04 /* Foundation.framework */; };
		E5DC705813EC65550053BD04 /* CoreGraphics.framework in Frameworks */ = {isa = PBXBuildFile; fileRef = E5DC705713EC65550053BD04 /* CoreGraphics.framework */; };
		E5DC705A13EC65550053BD04 /* QuartzCore.framework in Frameworks */ = {isa = PBXBuildFile; fileRef = E5DC705913EC65550053BD04 /* QuartzCore.framework */; };
		E5DC705C13EC65550053BD04 /* OpenGLES.framework in Frameworks */ = {isa = PBXBuildFile; fileRef = E5DC705B13EC65550053BD04 /* OpenGLES.framework */; };
		E5DC706213EC65550053BD04 /* InfoPlist.strings in Resources */ = {isa = PBXBuildFile; fileRef = E5DC706013EC65550053BD04 /* InfoPlist.strings */; };
		E5DC706413EC65550053BD04 /* main.m in Sources */ = {isa = PBXBuildFile; fileRef = E5DC706313EC65550053BD04 /* main.m */; };
		E5DC706813EC65550053BD04 /* GLAppAppDelegate.m in Sources */ = {isa = PBXBuildFile; fileRef = E5DC706713EC65550053BD04 /* GLAppAppDelegate.m */; };
		E5DC706B13EC65550053BD04 /* MainWindow.xib in Resources */ = {isa = PBXBuildFile; fileRef = E5DC706913EC65550053BD04 /* MainWindow.xib */; };
		E5DC706D13EC65550053BD04 /* Shader.fsh in Resources */ = {isa = PBXBuildFile; fileRef = E5DC706C13EC65550053BD04 /* Shader.fsh */; };
		E5DC706F13EC65550053BD04 /* Shader.vsh in Resources */ = {isa = PBXBuildFile; fileRef = E5DC706E13EC65550053BD04 /* Shader.vsh */; };
		E5DC707213EC65550053BD04 /* EAGLView.m in Sources */ = {isa = PBXBuildFile; fileRef = E5DC707113EC65550053BD04 /* EAGLView.m */; };
		E5DC707813EC65550053BD04 /* GLAppViewController.xib in Resources */ = {isa = PBXBuildFile; fileRef = E5DC707613EC65550053BD04 /* GLAppViewController.xib */; };
		E5DF7270140BD96E00E6D5F4 /* Sprite.png in Resources */ = {isa = PBXBuildFile; fileRef = E5DF726E140BD96E00E6D5F4 /* Sprite.png */; };
		E5DF7271140BD96E00E6D5F4 /* SpriteSheet.png in Resources */ = {isa = PBXBuildFile; fileRef = E5DF726F140BD96E00E6D5F4 /* SpriteSheet.png */; };
		E5DF7274140BD97F00E6D5F4 /* Game.png in Resources */ = {isa = PBXBuildFile; fileRef = E5DF7272140BD97F00E6D5F4 /* Game.png */; };
		E5DF7275140BD97F00E6D5F4 /* GameSmall.png in Resources */ = {isa = PBXBuildFile; fileRef = E5DF7273140BD97F00E6D5F4 /* GameSmall.png */; };
		E5DF7277140BD98700E6D5F4 /* sound.caf in Resources */ = {isa = PBXBuildFile; fileRef = E5DF7276140BD98700E6D5F4 /* sound.caf */; };
		E5ED90E513FD3D0400FD44BC /* CharMap.plist in Resources */ = {isa = PBXBuildFile; fileRef = E5ED90E413FD3D0400FD44BC /* CharMap.plist */; };
/* End PBXBuildFile section */

/* Begin PBXFileReference section */
		E52C7099140915B100E46F38 /* Enemy.h */ = {isa = PBXFileReference; fileEncoding = 4; lastKnownFileType = sourcecode.c.h; path = Enemy.h; sourceTree = "<group>"; };
		E52C709A140915B100E46F38 /* Enemy.m */ = {isa = PBXFileReference; fileEncoding = 4; lastKnownFileType = sourcecode.c.objc; path = Enemy.m; sourceTree = "<group>"; };
		E53F5BDD1407CBF400A6E946 /* AVFoundation.framework */ = {isa = PBXFileReference; lastKnownFileType = wrapper.framework; name = AVFoundation.framework; path = System/Library/Frameworks/AVFoundation.framework; sourceTree = SDKROOT; };
		E5553AFF14090A06008D6FBD /* Audio.h */ = {isa = PBXFileReference; fileEncoding = 4; lastKnownFileType = sourcecode.c.h; path = Audio.h; sourceTree = "<group>"; };
		E5553B0014090A06008D6FBD /* Audio.m */ = {isa = PBXFileReference; fileEncoding = 4; lastKnownFileType = sourcecode.c.objc; path = Audio.m; sourceTree = "<group>"; };
		E55682751407FAE4007A57CB /* AudioToolbox.framework */ = {isa = PBXFileReference; lastKnownFileType = wrapper.framework; name = AudioToolbox.framework; path = System/Library/Frameworks/AudioToolbox.framework; sourceTree = SDKROOT; };
		E56949DD140FD50D00BABA1C /* ScreenManager.h */ = {isa = PBXFileReference; fileEncoding = 4; lastKnownFileType = sourcecode.c.h; path = ScreenManager.h; sourceTree = "<group>"; };
		E56949DE140FD50D00BABA1C /* ScreenManager.m */ = {isa = PBXFileReference; fileEncoding = 4; lastKnownFileType = sourcecode.c.objc; path = ScreenManager.m; sourceTree = "<group>"; };
		E56949E0140FD50D00BABA1C /* GameplayScreen.h */ = {isa = PBXFileReference; fileEncoding = 4; lastKnownFileType = sourcecode.c.h; path = GameplayScreen.h; sourceTree = "<group>"; };
		E56949E1140FD50D00BABA1C /* GameplayScreen.m */ = {isa = PBXFileReference; fileEncoding = 4; lastKnownFileType = sourcecode.c.objc; path = GameplayScreen.m; sourceTree = "<group>"; };
		E56949E2140FD50D00BABA1C /* GameScreen.h */ = {isa = PBXFileReference; fileEncoding = 4; lastKnownFileType = sourcecode.c.h; path = GameScreen.h; sourceTree = "<group>"; };
		E56949E3140FD50D00BABA1C /* GameScreen.m */ = {isa = PBXFileReference; fileEncoding = 4; lastKnownFileType = sourcecode.c.objc; path = GameScreen.m; sourceTree = "<group>"; };
		E56949E4140FD50D00BABA1C /* MenuScreen.h */ = {isa = PBXFileReference; fileEncoding = 4; lastKnownFileType = sourcecode.c.h; path = MenuScreen.h; sourceTree = "<group>"; };
		E56949E5140FD50D00BABA1C /* MenuScreen.m */ = {isa = PBXFileReference; fileEncoding = 4; lastKnownFileType = sourcecode.c.objc; path = MenuScreen.m; sourceTree = "<group>"; };
		E56949EA140FD53000BABA1C /* GLAppViewController.h */ = {isa = PBXFileReference; fileEncoding = 4; lastKnownFileType = sourcecode.c.h; path = GLAppViewController.h; sourceTree = "<group>"; };
		E56949EB140FD53000BABA1C /* GLAppViewController.m */ = {isa = PBXFileReference; fileEncoding = 4; lastKnownFileType = sourcecode.c.objc; path = GLAppViewController.m; sourceTree = "<group>"; };
		E5879A47141100E200157302 /* MainMenuScreen.h */ = {isa = PBXFileReference; fileEncoding = 4; lastKnownFileType = sourcecode.c.h; path = MainMenuScreen.h; sourceTree = "<group>"; };
		E5879A48141100E200157302 /* MainMenuScreen.m */ = {isa = PBXFileReference; fileEncoding = 4; lastKnownFileType = sourcecode.c.objc; path = MainMenuScreen.m; sourceTree = "<group>"; };
		E5879A4E141104D900157302 /* GLButton.h */ = {isa = PBXFileReference; fileEncoding = 4; lastKnownFileType = sourcecode.c.h; path = GLButton.h; sourceTree = "<group>"; };
		E5879A4F141104DA00157302 /* GLButton.m */ = {isa = PBXFileReference; fileEncoding = 4; lastKnownFileType = sourcecode.c.objc; path = GLButton.m; sourceTree = "<group>"; };
		E5D490721411724F00044CB8 /* OptionsMenuScreen.h */ = {isa = PBXFileReference; fileEncoding = 4; lastKnownFileType = sourcecode.c.h; path = OptionsMenuScreen.h; sourceTree = "<group>"; };
		E5D490731411724F00044CB8 /* OptionsMenuScreen.m */ = {isa = PBXFileReference; fileEncoding = 4; lastKnownFileType = sourcecode.c.objc; path = OptionsMenuScreen.m; sourceTree = "<group>"; };
		E5D55AA313F48F3D00667BA4 /* Sprite.h */ = {isa = PBXFileReference; fileEncoding = 4; lastKnownFileType = sourcecode.c.h; path = Sprite.h; sourceTree = "<group>"; };
		E5D55AA413F48F3D00667BA4 /* Sprite.m */ = {isa = PBXFileReference; fileEncoding = 4; lastKnownFileType = sourcecode.c.objc; path = Sprite.m; sourceTree = "<group>"; };
		E5D55AAF13F4B83900667BA4 /* SpriteFont.h */ = {isa = PBXFileReference; fileEncoding = 4; lastKnownFileType = sourcecode.c.h; path = SpriteFont.h; sourceTree = "<group>"; };
		E5D55AB013F4B83900667BA4 /* SpriteFont.m */ = {isa = PBXFileReference; fileEncoding = 4; lastKnownFileType = sourcecode.c.objc; path = SpriteFont.m; sourceTree = "<group>"; };
		E5DC704F13EC65550053BD04 /* GLApp.app */ = {isa = PBXFileReference; explicitFileType = wrapper.application; includeInIndex = 0; path = GLApp.app; sourceTree = BUILT_PRODUCTS_DIR; };
		E5DC705313EC65550053BD04 /* UIKit.framework */ = {isa = PBXFileReference; lastKnownFileType = wrapper.framework; name = UIKit.framework; path = System/Library/Frameworks/UIKit.framework; sourceTree = SDKROOT; };
		E5DC705513EC65550053BD04 /* Foundation.framework */ = {isa = PBXFileReference; lastKnownFileType = wrapper.framework; name = Foundation.framework; path = System/Library/Frameworks/Foundation.framework; sourceTree = SDKROOT; };
		E5DC705713EC65550053BD04 /* CoreGraphics.framework */ = {isa = PBXFileReference; lastKnownFileType = wrapper.framework; name = CoreGraphics.framework; path = System/Library/Frameworks/CoreGraphics.framework; sourceTree = SDKROOT; };
		E5DC705913EC65550053BD04 /* QuartzCore.framework */ = {isa = PBXFileReference; lastKnownFileType = wrapper.framework; name = QuartzCore.framework; path = System/Library/Frameworks/QuartzCore.framework; sourceTree = SDKROOT; };
		E5DC705B13EC65550053BD04 /* OpenGLES.framework */ = {isa = PBXFileReference; lastKnownFileType = wrapper.framework; name = OpenGLES.framework; path = System/Library/Frameworks/OpenGLES.framework; sourceTree = SDKROOT; };
		E5DC705F13EC65550053BD04 /* GLApp-Info.plist */ = {isa = PBXFileReference; lastKnownFileType = text.plist.xml; path = "GLApp-Info.plist"; sourceTree = "<group>"; };
		E5DC706113EC65550053BD04 /* en */ = {isa = PBXFileReference; lastKnownFileType = text.plist.strings; name = en; path = en.lproj/InfoPlist.strings; sourceTree = "<group>"; };
		E5DC706313EC65550053BD04 /* main.m */ = {isa = PBXFileReference; lastKnownFileType = sourcecode.c.objc; path = main.m; sourceTree = "<group>"; };
		E5DC706513EC65550053BD04 /* GLApp-Prefix.pch */ = {isa = PBXFileReference; lastKnownFileType = sourcecode.c.h; path = "GLApp-Prefix.pch"; sourceTree = "<group>"; };
		E5DC706613EC65550053BD04 /* GLAppAppDelegate.h */ = {isa = PBXFileReference; lastKnownFileType = sourcecode.c.h; path = GLAppAppDelegate.h; sourceTree = "<group>"; };
		E5DC706713EC65550053BD04 /* GLAppAppDelegate.m */ = {isa = PBXFileReference; lastKnownFileType = sourcecode.c.objc; path = GLAppAppDelegate.m; sourceTree = "<group>"; };
		E5DC706A13EC65550053BD04 /* en */ = {isa = PBXFileReference; lastKnownFileType = file.xib; name = en; path = en.lproj/MainWindow.xib; sourceTree = "<group>"; };
		E5DC706C13EC65550053BD04 /* Shader.fsh */ = {isa = PBXFileReference; lastKnownFileType = sourcecode.glsl; name = Shader.fsh; path = Shaders/Shader.fsh; sourceTree = "<group>"; };
		E5DC706E13EC65550053BD04 /* Shader.vsh */ = {isa = PBXFileReference; lastKnownFileType = sourcecode.glsl; name = Shader.vsh; path = Shaders/Shader.vsh; sourceTree = "<group>"; };
		E5DC707013EC65550053BD04 /* EAGLView.h */ = {isa = PBXFileReference; lastKnownFileType = sourcecode.c.h; path = EAGLView.h; sourceTree = "<group>"; };
		E5DC707113EC65550053BD04 /* EAGLView.m */ = {isa = PBXFileReference; lastKnownFileType = sourcecode.c.objc; path = EAGLView.m; sourceTree = "<group>"; };
		E5DC707713EC65550053BD04 /* en */ = {isa = PBXFileReference; lastKnownFileType = file.xib; name = en; path = en.lproj/GLAppViewController.xib; sourceTree = "<group>"; };
		E5DF726E140BD96E00E6D5F4 /* Sprite.png */ = {isa = PBXFileReference; lastKnownFileType = image.png; path = Sprite.png; sourceTree = "<group>"; };
		E5DF726F140BD96E00E6D5F4 /* SpriteSheet.png */ = {isa = PBXFileReference; lastKnownFileType = image.png; path = SpriteSheet.png; sourceTree = "<group>"; };
		E5DF7272140BD97F00E6D5F4 /* Game.png */ = {isa = PBXFileReference; lastKnownFileType = image.png; path = Game.png; sourceTree = "<group>"; };
		E5DF7273140BD97F00E6D5F4 /* GameSmall.png */ = {isa = PBXFileReference; lastKnownFileType = image.png; path = GameSmall.png; sourceTree = "<group>"; };
		E5DF7276140BD98700E6D5F4 /* sound.caf */ = {isa = PBXFileReference; lastKnownFileType = file; path = sound.caf; sourceTree = "<group>"; };
		E5ED90E413FD3D0400FD44BC /* CharMap.plist */ = {isa = PBXFileReference; fileEncoding = 4; lastKnownFileType = text.plist.xml; path = CharMap.plist; sourceTree = "<group>"; };
/* End PBXFileReference section */

/* Begin PBXFrameworksBuildPhase section */
		E5DC704C13EC65550053BD04 /* Frameworks */ = {
			isa = PBXFrameworksBuildPhase;
			buildActionMask = 2147483647;
			files = (
				E55682761407FAE4007A57CB /* AudioToolbox.framework in Frameworks */,
				E53F5BDE1407CBF400A6E946 /* AVFoundation.framework in Frameworks */,
				E5DC705413EC65550053BD04 /* UIKit.framework in Frameworks */,
				E5DC705613EC65550053BD04 /* Foundation.framework in Frameworks */,
				E5DC705813EC65550053BD04 /* CoreGraphics.framework in Frameworks */,
				E5DC705A13EC65550053BD04 /* QuartzCore.framework in Frameworks */,
				E5DC705C13EC65550053BD04 /* OpenGLES.framework in Frameworks */,
			);
			runOnlyForDeploymentPostprocessing = 0;
		};
/* End PBXFrameworksBuildPhase section */

/* Begin PBXGroup section */
		E52C7098140915A400E46F38 /* EnemyCode */ = {
			isa = PBXGroup;
			children = (
				E52C7099140915B100E46F38 /* Enemy.h */,
				E52C709A140915B100E46F38 /* Enemy.m */,
			);
			path = EnemyCode;
			sourceTree = "<group>";
		};
		E53F5BDB1407C7F600A6E946 /* Resources */ = {
			isa = PBXGroup;
			children = (
				E5DF7269140BD93700E6D5F4 /* Icons */,
				E5DF726A140BD93700E6D5F4 /* Music */,
				E5DF726B140BD93700E6D5F4 /* Sound Effects */,
				E5DF726C140BD93700E6D5F4 /* Sprites */,
			);
			name = Resources;
			sourceTree = "<group>";
		};
		E5553AFD140909D5008D6FBD /* AudioCode */ = {
			isa = PBXGroup;
			children = (
				E5553AFF14090A06008D6FBD /* Audio.h */,
				E5553B0014090A06008D6FBD /* Audio.m */,
			);
			path = AudioCode;
			sourceTree = "<group>";
		};
		E56949DC140FD50D00BABA1C /* Screen Manager */ = {
			isa = PBXGroup;
			children = (
				E56949DD140FD50D00BABA1C /* ScreenManager.h */,
				E56949DE140FD50D00BABA1C /* ScreenManager.m */,
				E56949DF140FD50D00BABA1C /* Screens */,
			);
			path = "Screen Manager";
			sourceTree = "<group>";
		};
		E56949DF140FD50D00BABA1C /* Screens */ = {
			isa = PBXGroup;
			children = (
				E5879A4E141104D900157302 /* GLButton.h */,
				E5879A4F141104DA00157302 /* GLButton.m */,
				E56949E0140FD50D00BABA1C /* GameplayScreen.h */,
				E56949E1140FD50D00BABA1C /* GameplayScreen.m */,
				E56949E2140FD50D00BABA1C /* GameScreen.h */,
				E56949E3140FD50D00BABA1C /* GameScreen.m */,
				E56949E4140FD50D00BABA1C /* MenuScreen.h */,
				E56949E5140FD50D00BABA1C /* MenuScreen.m */,
				E5879A47141100E200157302 /* MainMenuScreen.h */,
				E5879A48141100E200157302 /* MainMenuScreen.m */,
				E5D490721411724F00044CB8 /* OptionsMenuScreen.h */,
				E5D490731411724F00044CB8 /* OptionsMenuScreen.m */,
			);
			path = Screens;
			sourceTree = "<group>";
		};
		E5D55AA213F48F3D00667BA4 /* SpriteCode */ = {
			isa = PBXGroup;
			children = (
				E5D55AAE13F4B83900667BA4 /* SpriteFont */,
				E5D55AA313F48F3D00667BA4 /* Sprite.h */,
				E5D55AA413F48F3D00667BA4 /* Sprite.m */,
			);
			name = SpriteCode;
			path = Sprites;
			sourceTree = "<group>";
		};
		E5D55AAE13F4B83900667BA4 /* SpriteFont */ = {
			isa = PBXGroup;
			children = (
				E5D55AAF13F4B83900667BA4 /* SpriteFont.h */,
				E5D55AB013F4B83900667BA4 /* SpriteFont.m */,
			);
			path = SpriteFont;
			sourceTree = "<group>";
		};
		E5DC704413EC65550053BD04 = {
			isa = PBXGroup;
			children = (
				E5DC705D13EC65550053BD04 /* GLApp */,
				E5DC705213EC65550053BD04 /* Frameworks */,
				E5DC705013EC65550053BD04 /* Products */,
				E53F5BDB1407C7F600A6E946 /* Resources */,
			);
			sourceTree = "<group>";
		};
		E5DC705013EC65550053BD04 /* Products */ = {
			isa = PBXGroup;
			children = (
				E5DC704F13EC65550053BD04 /* GLApp.app */,
			);
			name = Products;
			sourceTree = "<group>";
		};
		E5DC705213EC65550053BD04 /* Frameworks */ = {
			isa = PBXGroup;
			children = (
				E55682751407FAE4007A57CB /* AudioToolbox.framework */,
				E53F5BDD1407CBF400A6E946 /* AVFoundation.framework */,
				E5DC705313EC65550053BD04 /* UIKit.framework */,
				E5DC705513EC65550053BD04 /* Foundation.framework */,
				E5DC705713EC65550053BD04 /* CoreGraphics.framework */,
				E5DC705913EC65550053BD04 /* QuartzCore.framework */,
				E5DC705B13EC65550053BD04 /* OpenGLES.framework */,
			);
			name = Frameworks;
			sourceTree = "<group>";
		};
		E5DC705D13EC65550053BD04 /* GLApp */ = {
			isa = PBXGroup;
			children = (
				E56949DC140FD50D00BABA1C /* Screen Manager */,
				E52C7098140915A400E46F38 /* EnemyCode */,
				E5553AFD140909D5008D6FBD /* AudioCode */,
				E5D55AA213F48F3D00667BA4 /* SpriteCode */,
				E5DC706613EC65550053BD04 /* GLAppAppDelegate.h */,
				E5DC706713EC65550053BD04 /* GLAppAppDelegate.m */,
				E5DC706913EC65550053BD04 /* MainWindow.xib */,
				E5DC706C13EC65550053BD04 /* Shader.fsh */,
				E5DC706E13EC65550053BD04 /* Shader.vsh */,
				E5DC707013EC65550053BD04 /* EAGLView.h */,
				E5DC707113EC65550053BD04 /* EAGLView.m */,
				E56949EA140FD53000BABA1C /* GLAppViewController.h */,
				E56949EB140FD53000BABA1C /* GLAppViewController.m */,
				E5DC707613EC65550053BD04 /* GLAppViewController.xib */,
				E5DC705E13EC65550053BD04 /* Supporting Files */,
			);
			path = GLApp;
			sourceTree = "<group>";
		};
		E5DC705E13EC65550053BD04 /* Supporting Files */ = {
			isa = PBXGroup;
			children = (
				E5ED90E413FD3D0400FD44BC /* CharMap.plist */,
				E5DC705F13EC65550053BD04 /* GLApp-Info.plist */,
				E5DC706013EC65550053BD04 /* InfoPlist.strings */,
				E5DC706313EC65550053BD04 /* main.m */,
				E5DC706513EC65550053BD04 /* GLApp-Prefix.pch */,
			);
			name = "Supporting Files";
			sourceTree = "<group>";
		};
		E5DF7269140BD93700E6D5F4 /* Icons */ = {
			isa = PBXGroup;
			children = (
				E5DF7272140BD97F00E6D5F4 /* Game.png */,
				E5DF7273140BD97F00E6D5F4 /* GameSmall.png */,
			);
			name = Icons;
			path = GLApp/Resources/Icons;
			sourceTree = "<group>";
		};
		E5DF726A140BD93700E6D5F4 /* Music */ = {
			isa = PBXGroup;
			children = (
			);
			name = Music;
			path = GLApp/Resources/Music;
			sourceTree = "<group>";
		};
		E5DF726B140BD93700E6D5F4 /* Sound Effects */ = {
			isa = PBXGroup;
			children = (
				E5DF7276140BD98700E6D5F4 /* sound.caf */,
			);
			name = "Sound Effects";
			path = "GLApp/Resources/Sound Effects";
			sourceTree = "<group>";
		};
		E5DF726C140BD93700E6D5F4 /* Sprites */ = {
			isa = PBXGroup;
			children = (
				E5DF726E140BD96E00E6D5F4 /* Sprite.png */,
				E5DF726F140BD96E00E6D5F4 /* SpriteSheet.png */,
			);
			name = Sprites;
			path = GLApp/Resources/Sprites;
			sourceTree = "<group>";
		};
/* End PBXGroup section */

/* Begin PBXNativeTarget section */
		E5DC704E13EC65550053BD04 /* GLApp */ = {
			isa = PBXNativeTarget;
			buildConfigurationList = E5DC707B13EC65550053BD04 /* Build configuration list for PBXNativeTarget "GLApp" */;
			buildPhases = (
				E5DC704B13EC65550053BD04 /* Sources */,
				E5DC704C13EC65550053BD04 /* Frameworks */,
				E5DC704D13EC65550053BD04 /* Resources */,
			);
			buildRules = (
			);
			dependencies = (
			);
			name = GLApp;
			productName = GLApp;
			productReference = E5DC704F13EC65550053BD04 /* GLApp.app */;
			productType = "com.apple.product-type.application";
		};
/* End PBXNativeTarget section */

/* Begin PBXProject section */
		E5DC704613EC65550053BD04 /* Project object */ = {
			isa = PBXProject;
			attributes = {
				LastUpgradeCheck = 0410;
			};
			buildConfigurationList = E5DC704913EC65550053BD04 /* Build configuration list for PBXProject "GLApp" */;
			compatibilityVersion = "Xcode 3.2";
			developmentRegion = English;
			hasScannedForEncodings = 0;
			knownRegions = (
				en,
			);
			mainGroup = E5DC704413EC65550053BD04;
			productRefGroup = E5DC705013EC65550053BD04 /* Products */;
			projectDirPath = "";
			projectRoot = "";
			targets = (
				E5DC704E13EC65550053BD04 /* GLApp */,
			);
		};
/* End PBXProject section */

/* Begin PBXResourcesBuildPhase section */
		E5DC704D13EC65550053BD04 /* Resources */ = {
			isa = PBXResourcesBuildPhase;
			buildActionMask = 2147483647;
			files = (
				E5DC706213EC65550053BD04 /* InfoPlist.strings in Resources */,
				E5DC706B13EC65550053BD04 /* MainWindow.xib in Resources */,
				E5DC706D13EC65550053BD04 /* Shader.fsh in Resources */,
				E5DC706F13EC65550053BD04 /* Shader.vsh in Resources */,
				E5DC707813EC65550053BD04 /* GLAppViewController.xib in Resources */,
				E5ED90E513FD3D0400FD44BC /* CharMap.plist in Resources */,
				E5DF7270140BD96E00E6D5F4 /* Sprite.png in Resources */,
				E5DF7271140BD96E00E6D5F4 /* SpriteSheet.png in Resources */,
				E5DF7274140BD97F00E6D5F4 /* Game.png in Resources */,
				E5DF7275140BD97F00E6D5F4 /* GameSmall.png in Resources */,
				E5DF7277140BD98700E6D5F4 /* sound.caf in Resources */,
			);
			runOnlyForDeploymentPostprocessing = 0;
		};
/* End PBXResourcesBuildPhase section */

/* Begin PBXSourcesBuildPhase section */
		E5DC704B13EC65550053BD04 /* Sources */ = {
			isa = PBXSourcesBuildPhase;
			buildActionMask = 2147483647;
			files = (
				E5DC706413EC65550053BD04 /* main.m in Sources */,
				E5DC706813EC65550053BD04 /* GLAppAppDelegate.m in Sources */,
				E5DC707213EC65550053BD04 /* EAGLView.m in Sources */,
				E5D55AA513F48F3D00667BA4 /* Sprite.m in Sources */,
				E5D55AB113F4B83900667BA4 /* SpriteFont.m in Sources */,
				E5553B0114090A06008D6FBD /* Audio.m in Sources */,
				E52C709B140915B100E46F38 /* Enemy.m in Sources */,
				E56949E6140FD50D00BABA1C /* ScreenManager.m in Sources */,
				E56949E7140FD50D00BABA1C /* GameplayScreen.m in Sources */,
				E56949E8140FD50D00BABA1C /* GameScreen.m in Sources */,
				E56949E9140FD50D00BABA1C /* MenuScreen.m in Sources */,
				E56949EC140FD53000BABA1C /* GLAppViewController.m in Sources */,
				E5879A49141100E200157302 /* MainMenuScreen.m in Sources */,
				E5879A50141104DA00157302 /* GLButton.m in Sources */,
				E5D490741411724F00044CB8 /* OptionsMenuScreen.m in Sources */,
			);
			runOnlyForDeploymentPostprocessing = 0;
		};
/* End PBXSourcesBuildPhase section */

/* Begin PBXVariantGroup section */
		E5DC706013EC65550053BD04 /* InfoPlist.strings */ = {
			isa = PBXVariantGroup;
			children = (
				E5DC706113EC65550053BD04 /* en */,
			);
			name = InfoPlist.strings;
			sourceTree = "<group>";
		};
		E5DC706913EC65550053BD04 /* MainWindow.xib */ = {
			isa = PBXVariantGroup;
			children = (
				E5DC706A13EC65550053BD04 /* en */,
			);
			name = MainWindow.xib;
			sourceTree = "<group>";
		};
		E5DC707613EC65550053BD04 /* GLAppViewController.xib */ = {
			isa = PBXVariantGroup;
			children = (
				E5DC707713EC65550053BD04 /* en */,
			);
			name = GLAppViewController.xib;
			sourceTree = "<group>";
		};
/* End PBXVariantGroup section */

/* Begin XCBuildConfiguration section */
		E5DC707913EC65550053BD04 /* Debug */ = {
			isa = XCBuildConfiguration;
			buildSettings = {
				ALWAYS_SEARCH_USER_PATHS = NO;
				ARCHS = "$(ARCHS_STANDARD_32_BIT)";
				"CODE_SIGN_IDENTITY[sdk=iphoneos*]" = "iPhone Developer";
				COPY_PHASE_STRIP = NO;
				GCC_C_LANGUAGE_STANDARD = gnu99;
				GCC_DYNAMIC_NO_PIC = NO;
				GCC_OPTIMIZATION_LEVEL = 0;
				GCC_PREPROCESSOR_DEFINITIONS = (
					"DEBUG=1",
					"$(inherited)",
				);
				GCC_SYMBOLS_PRIVATE_EXTERN = NO;
				GCC_VERSION = com.apple.compilers.llvmgcc42;
				GCC_WARN_ABOUT_MISSING_PROTOTYPES = YES;
				GCC_WARN_ABOUT_RETURN_TYPE = YES;
				GCC_WARN_UNUSED_VARIABLE = YES;
				IPHONEOS_DEPLOYMENT_TARGET = 4.3;
				SDKROOT = iphoneos;
			};
			name = Debug;
		};
		E5DC707A13EC65550053BD04 /* Release */ = {
			isa = XCBuildConfiguration;
			buildSettings = {
				ALWAYS_SEARCH_USER_PATHS = NO;
				ARCHS = "$(ARCHS_STANDARD_32_BIT)";
				"CODE_SIGN_IDENTITY[sdk=iphoneos*]" = "iPhone Developer";
				COPY_PHASE_STRIP = YES;
				GCC_C_LANGUAGE_STANDARD = gnu99;
				GCC_VERSION = com.apple.compilers.llvmgcc42;
				GCC_WARN_ABOUT_MISSING_PROTOTYPES = YES;
				GCC_WARN_ABOUT_RETURN_TYPE = YES;
				GCC_WARN_UNUSED_VARIABLE = YES;
				IPHONEOS_DEPLOYMENT_TARGET = 4.3;
				OTHER_CFLAGS = "-DNS_BLOCK_ASSERTIONS=1";
				SDKROOT = iphoneos;
				VALIDATE_PRODUCT = YES;
			};
			name = Release;
		};
		E5DC707C13EC65550053BD04 /* Debug */ = {
			isa = XCBuildConfiguration;
			buildSettings = {
				GCC_PRECOMPILE_PREFIX_HEADER = YES;
				GCC_PREFIX_HEADER = "GLApp/GLApp-Prefix.pch";
				"GCC_THUMB_SUPPORT[arch=armv6]" = "";
				INFOPLIST_FILE = "GLApp/GLApp-Info.plist";
				IPHONEOS_DEPLOYMENT_TARGET = 4.3;
				PRODUCT_NAME = GLApp;
				TARGETED_DEVICE_FAMILY = "1,2";
				WRAPPER_EXTENSION = app;
			};
			name = Debug;
		};
		E5DC707D13EC65550053BD04 /* Release */ = {
			isa = XCBuildConfiguration;
			buildSettings = {
				GCC_PRECOMPILE_PREFIX_HEADER = YES;
				GCC_PREFIX_HEADER = "GLApp/GLApp-Prefix.pch";
				"GCC_THUMB_SUPPORT[arch=armv6]" = "";
				INFOPLIST_FILE = "GLApp/GLApp-Info.plist";
				IPHONEOS_DEPLOYMENT_TARGET = 4.3;
				PRODUCT_NAME = GLApp;
				TARGETED_DEVICE_FAMILY = "1,2";
				WRAPPER_EXTENSION = app;
			};
			name = Release;
		};
/* End XCBuildConfiguration section */

/* Begin XCConfigurationList section */
		E5DC704913EC65550053BD04 /* Build configuration list for PBXProject "GLApp" */ = {
			isa = XCConfigurationList;
			buildConfigurations = (
				E5DC707913EC65550053BD04 /* Debug */,
				E5DC707A13EC65550053BD04 /* Release */,
			);
			defaultConfigurationIsVisible = 0;
			defaultConfigurationName = Release;
		};
		E5DC707B13EC65550053BD04 /* Build configuration list for PBXNativeTarget "GLApp" */ = {
			isa = XCConfigurationList;
			buildConfigurations = (
				E5DC707C13EC65550053BD04 /* Debug */,
				E5DC707D13EC65550053BD04 /* Release */,
			);
			defaultConfigurationIsVisible = 0;
			defaultConfigurationName = Release;
		};
/* End XCConfigurationList section */
	};
	rootObject = E5DC704613EC65550053BD04 /* Project object */;
}
